
Microsoft Visual Studio Solution File, Format Version 12.00
# Visual Studio Version 17
VisualStudioVersion = 17.6.33723.286
MinimumVisualStudioVersion = 10.0.40219.1
Project("{8BC9CEB8-8B4A-11D0-8D11-00A0C91BC942}") = "Graf", "Graf\Graf.vcxproj", "{DD62F0AD-00F5-4404-AAA0-C6CA4D61970A}"
EndProject
Global
	GlobalSection(SolutionConfigurationPlatforms) = preSolution
		Debug|x64 = Debug|x64
		Debug|x86 = Debug|x86
		Release|x64 = Release|x64
		Release|x86 = Release|x86
	EndGlobalSection
	GlobalSection(ProjectConfigurationPlatforms) = postSolution
		{DD62F0AD-00F5-4404-AAA0-C6CA4D61970A}.Debug|x64.ActiveCfg = Debug|x64
		{DD62F0AD-00F5-4404-AAA0-C6CA4D61970A}.Debug|x64.Build.0 = Debug|x64
		{DD62F0AD-00F5-4404-AAA0-C6CA4D61970A}.Debug|x86.ActiveCfg = Debug|Win32
		{DD62F0AD-00F5-4404-AAA0-C6CA4D61970A}.Debug|x86.Build.0 = Debug|Win32
		{DD62F0AD-00F5-4404-AAA0-C6CA4D61970A}.Release|x64.ActiveCfg = Release|x64
		{DD62F0AD-00F5-4404-AAA0-C6CA4D61970A}.Release|x64.Build.0 = Release|x64
		{DD62F0AD-00F5-4404-AAA0-C6CA4D61970A}.Release|x86.ActiveCfg = Release|Win32
		{DD62F0AD-00F5-4404-AAA0-C6CA4D61970A}.Release|x86.Build.0 = Release|Win32
	EndGlobalSection
	GlobalSection(SolutionProperties) = preSolution
		HideSolutionNode = FALSE
	EndGlobalSection
	GlobalSection(ExtensibilityGlobals) = postSolution
		SolutionGuid = {C175E279-D3E4-4FAB-A7CC-FF6EB4400274}
	EndGlobalSection
EndGlobal
